
Microsoft Visual Studio Solution File, Format Version 12.00
# Visual Studio Version 17
VisualStudioVersion = 17.14.36401.2
MinimumVisualStudioVersion = 10.0.40219.1
Project("{2150E333-8FDC-42A3-9474-1A3956D46DE8}") = "Core", "Core", "{36D591C7-65C7-A0D1-1CBC-10CDE441BDC8}"
EndProject
Project("{2150E333-8FDC-42A3-9474-1A3956D46DE8}") = "Infrastracture", "Infrastracture", "{75AD9B30-6B67-4107-B951-7E2F503FC5F5}"
EndProject
Project("{2150E333-8FDC-42A3-9474-1A3956D46DE8}") = "Api", "Api", "{99321BC3-F67F-4DDA-804D-074AC7B66449}"
EndProject
Project("{2150E333-8FDC-42A3-9474-1A3956D46DE8}") = "Tests", "Tests", "{D95E2005-65CF-40D7-BB38-546E8147BD06}"
EndProject
Project("{FAE04EC0-301F-11D3-BF4B-00C04F79EFBC}") = "ShoppingAppWebApi", "ShoppingAppWebApi\ShoppingAppWebApi.csproj", "{C10A21FD-8CA1-41EB-92C2-2B51E2D489EA}"
EndProject
Project("{FAE04EC0-301F-11D3-BF4B-00C04F79EFBC}") = "Infrastructure", "Infrastructure\Infrastructure.csproj", "{585DB049-0F60-445E-8C14-19B2395F71F7}"
EndProject
Project("{FAE04EC0-301F-11D3-BF4B-00C04F79EFBC}") = "Application", "Application\Application.csproj", "{79AD1773-1A53-4888-9A8E-555193ABE65D}"
EndProject
Project("{FAE04EC0-301F-11D3-BF4B-00C04F79EFBC}") = "Domain", "Domain\Domain.csproj", "{AE233638-987F-4AD6-A257-C4F289829BD6}"
EndProject
Project("{FAE04EC0-301F-11D3-BF4B-00C04F79EFBC}") = "Application.UnitTests", "Application.UnitTests\Application.UnitTests.csproj", "{35BEA7C8-5FAD-498C-9AA3-BF54D5B35BB8}"
EndProject
Global
	GlobalSection(SolutionConfigurationPlatforms) = preSolution
		Debug|Any CPU = Debug|Any CPU
		Release|Any CPU = Release|Any CPU
	EndGlobalSection
	GlobalSection(ProjectConfigurationPlatforms) = postSolution
		{C10A21FD-8CA1-41EB-92C2-2B51E2D489EA}.Debug|Any CPU.ActiveCfg = Debug|Any CPU
		{C10A21FD-8CA1-41EB-92C2-2B51E2D489EA}.Debug|Any CPU.Build.0 = Debug|Any CPU
		{C10A21FD-8CA1-41EB-92C2-2B51E2D489EA}.Release|Any CPU.ActiveCfg = Release|Any CPU
		{C10A21FD-8CA1-41EB-92C2-2B51E2D489EA}.Release|Any CPU.Build.0 = Release|Any CPU
		{585DB049-0F60-445E-8C14-19B2395F71F7}.Debug|Any CPU.ActiveCfg = Debug|Any CPU
		{585DB049-0F60-445E-8C14-19B2395F71F7}.Debug|Any CPU.Build.0 = Debug|Any CPU
		{585DB049-0F60-445E-8C14-19B2395F71F7}.Release|Any CPU.ActiveCfg = Release|Any CPU
		{585DB049-0F60-445E-8C14-19B2395F71F7}.Release|Any CPU.Build.0 = Release|Any CPU
		{79AD1773-1A53-4888-9A8E-555193ABE65D}.Debug|Any CPU.ActiveCfg = Debug|Any CPU
		{79AD1773-1A53-4888-9A8E-555193ABE65D}.Debug|Any CPU.Build.0 = Debug|Any CPU
		{79AD1773-1A53-4888-9A8E-555193ABE65D}.Release|Any CPU.ActiveCfg = Release|Any CPU
		{79AD1773-1A53-4888-9A8E-555193ABE65D}.Release|Any CPU.Build.0 = Release|Any CPU
		{AE233638-987F-4AD6-A257-C4F289829BD6}.Debug|Any CPU.ActiveCfg = Debug|Any CPU
		{AE233638-987F-4AD6-A257-C4F289829BD6}.Debug|Any CPU.Build.0 = Debug|Any CPU
		{AE233638-987F-4AD6-A257-C4F289829BD6}.Release|Any CPU.ActiveCfg = Release|Any CPU
		{AE233638-987F-4AD6-A257-C4F289829BD6}.Release|Any CPU.Build.0 = Release|Any CPU
		{35BEA7C8-5FAD-498C-9AA3-BF54D5B35BB8}.Debug|Any CPU.ActiveCfg = Debug|Any CPU
		{35BEA7C8-5FAD-498C-9AA3-BF54D5B35BB8}.Debug|Any CPU.Build.0 = Debug|Any CPU
		{35BEA7C8-5FAD-498C-9AA3-BF54D5B35BB8}.Release|Any CPU.ActiveCfg = Release|Any CPU
		{35BEA7C8-5FAD-498C-9AA3-BF54D5B35BB8}.Release|Any CPU.Build.0 = Release|Any CPU
	EndGlobalSection
	GlobalSection(SolutionProperties) = preSolution
		HideSolutionNode = FALSE
	EndGlobalSection
	GlobalSection(NestedProjects) = preSolution
		{C10A21FD-8CA1-41EB-92C2-2B51E2D489EA} = {99321BC3-F67F-4DDA-804D-074AC7B66449}
		{585DB049-0F60-445E-8C14-19B2395F71F7} = {75AD9B30-6B67-4107-B951-7E2F503FC5F5}
		{79AD1773-1A53-4888-9A8E-555193ABE65D} = {36D591C7-65C7-A0D1-1CBC-10CDE441BDC8}
		{AE233638-987F-4AD6-A257-C4F289829BD6} = {36D591C7-65C7-A0D1-1CBC-10CDE441BDC8}
		{35BEA7C8-5FAD-498C-9AA3-BF54D5B35BB8} = {D95E2005-65CF-40D7-BB38-546E8147BD06}
	EndGlobalSection
	GlobalSection(ExtensibilityGlobals) = postSolution
		SolutionGuid = {830DB595-BDB4-4849-92AB-D1FE78AD0A58}
	EndGlobalSection
EndGlobal
